// !$*UTF8*$!
{
	archiveVersion = 1;
	classes = {
	};
	objectVersion = 55;
	objects = {

/* Begin PBXBuildFile section */
		AA2091FC282A06F900107D58 /* AppDelegate.swift in Sources */ = {isa = PBXBuildFile; fileRef = AA2091FB282A06F900107D58 /* AppDelegate.swift */; };
		AA2091FE282A06F900107D58 /* SceneDelegate.swift in Sources */ = {isa = PBXBuildFile; fileRef = AA2091FD282A06F900107D58 /* SceneDelegate.swift */; };
		AA209200282A06F900107D58 /* ViewController.swift in Sources */ = {isa = PBXBuildFile; fileRef = AA2091FF282A06F900107D58 /* ViewController.swift */; };
		AA209203282A06F900107D58 /* Main.storyboard in Resources */ = {isa = PBXBuildFile; fileRef = AA209201282A06F900107D58 /* Main.storyboard */; };
		AA209205282A06FA00107D58 /* Assets.xcassets in Resources */ = {isa = PBXBuildFile; fileRef = AA209204282A06FA00107D58 /* Assets.xcassets */; };
		AA209208282A06FA00107D58 /* LaunchScreen.storyboard in Resources */ = {isa = PBXBuildFile; fileRef = AA209206282A06FA00107D58 /* LaunchScreen.storyboard */; };
		AA209233282A247000107D58 /* Home.storyboard in Resources */ = {isa = PBXBuildFile; fileRef = AA209232282A247000107D58 /* Home.storyboard */; };
		AA209235282A2BE400107D58 /* Request.swift in Sources */ = {isa = PBXBuildFile; fileRef = AA209234282A2BE400107D58 /* Request.swift */; };
		AA209237282A2CCD00107D58 /* Spotify+String.swift in Sources */ = {isa = PBXBuildFile; fileRef = AA209236282A2CCD00107D58 /* Spotify+String.swift */; };
		AA209239282A30C100107D58 /* Playlist.swift in Sources */ = {isa = PBXBuildFile; fileRef = AA209238282A30C100107D58 /* Playlist.swift */; };
		AA20923B282A32B100107D58 /* PlayListViewModel.swift in Sources */ = {isa = PBXBuildFile; fileRef = AA20923A282A32B100107D58 /* PlayListViewModel.swift */; };
		AA209241282ADB7800107D58 /* Spotify+Image.swift in Sources */ = {isa = PBXBuildFile; fileRef = AA209240282ADB7800107D58 /* Spotify+Image.swift */; };
		AA209243282ADD6900107D58 /* LibraryViewController.swift in Sources */ = {isa = PBXBuildFile; fileRef = AA209242282ADD6900107D58 /* LibraryViewController.swift */; };
/* End PBXBuildFile section */

/* Begin PBXContainerItemProxy section */
		AA20920F282A06FA00107D58 /* PBXContainerItemProxy */ = {
			isa = PBXContainerItemProxy;
			containerPortal = AA2091F0282A06F900107D58 /* Project object */;
			proxyType = 1;
			remoteGlobalIDString = AA2091F7282A06F900107D58;
			remoteInfo = SpotifyClone;
		};
		AA209219282A06FA00107D58 /* PBXContainerItemProxy */ = {
			isa = PBXContainerItemProxy;
			containerPortal = AA2091F0282A06F900107D58 /* Project object */;
			proxyType = 1;
			remoteGlobalIDString = AA2091F7282A06F900107D58;
			remoteInfo = SpotifyClone;
		};
/* End PBXContainerItemProxy section */

/* Begin PBXFileReference section */
		AA2091F8282A06F900107D58 /* SpotifyClone.app */ = {isa = PBXFileReference; explicitFileType = wrapper.application; includeInIndex = 0; path = SpotifyClone.app; sourceTree = BUILT_PRODUCTS_DIR; };
		AA2091FB282A06F900107D58 /* AppDelegate.swift */ = {isa = PBXFileReference; lastKnownFileType = sourcecode.swift; path = AppDelegate.swift; sourceTree = "<group>"; };
		AA2091FD282A06F900107D58 /* SceneDelegate.swift */ = {isa = PBXFileReference; lastKnownFileType = sourcecode.swift; path = SceneDelegate.swift; sourceTree = "<group>"; };
		AA2091FF282A06F900107D58 /* ViewController.swift */ = {isa = PBXFileReference; lastKnownFileType = sourcecode.swift; path = ViewController.swift; sourceTree = "<group>"; };
		AA209202282A06F900107D58 /* Base */ = {isa = PBXFileReference; lastKnownFileType = file.storyboard; name = Base; path = Base.lproj/Main.storyboard; sourceTree = "<group>"; };
		AA209204282A06FA00107D58 /* Assets.xcassets */ = {isa = PBXFileReference; lastKnownFileType = folder.assetcatalog; path = Assets.xcassets; sourceTree = "<group>"; };
		AA209207282A06FA00107D58 /* Base */ = {isa = PBXFileReference; lastKnownFileType = file.storyboard; name = Base; path = Base.lproj/LaunchScreen.storyboard; sourceTree = "<group>"; };
		AA209209282A06FA00107D58 /* Info.plist */ = {isa = PBXFileReference; lastKnownFileType = text.plist.xml; path = Info.plist; sourceTree = "<group>"; };
		AA20920E282A06FA00107D58 /* SpotifyCloneTests.xctest */ = {isa = PBXFileReference; explicitFileType = wrapper.cfbundle; includeInIndex = 0; path = SpotifyCloneTests.xctest; sourceTree = BUILT_PRODUCTS_DIR; };
		AA209218282A06FA00107D58 /* SpotifyCloneUITests.xctest */ = {isa = PBXFileReference; explicitFileType = wrapper.cfbundle; includeInIndex = 0; path = SpotifyCloneUITests.xctest; sourceTree = BUILT_PRODUCTS_DIR; };
		AA209232282A247000107D58 /* Home.storyboard */ = {isa = PBXFileReference; lastKnownFileType = file.storyboard; path = Home.storyboard; sourceTree = "<group>"; };
		AA209234282A2BE400107D58 /* Request.swift */ = {isa = PBXFileReference; lastKnownFileType = sourcecode.swift; path = Request.swift; sourceTree = "<group>"; };
		AA209236282A2CCD00107D58 /* Spotify+String.swift */ = {isa = PBXFileReference; lastKnownFileType = sourcecode.swift; path = "Spotify+String.swift"; sourceTree = "<group>"; };
		AA209238282A30C100107D58 /* Playlist.swift */ = {isa = PBXFileReference; lastKnownFileType = sourcecode.swift; path = Playlist.swift; sourceTree = "<group>"; };
		AA20923A282A32B100107D58 /* PlayListViewModel.swift */ = {isa = PBXFileReference; lastKnownFileType = sourcecode.swift; path = PlayListViewModel.swift; sourceTree = "<group>"; };
		AA209240282ADB7800107D58 /* Spotify+Image.swift */ = {isa = PBXFileReference; lastKnownFileType = sourcecode.swift; path = "Spotify+Image.swift"; sourceTree = "<group>"; };
		AA209242282ADD6900107D58 /* LibraryViewController.swift */ = {isa = PBXFileReference; lastKnownFileType = sourcecode.swift; path = LibraryViewController.swift; sourceTree = "<group>"; };
/* End PBXFileReference section */

/* Begin PBXFrameworksBuildPhase section */
		AA2091F5282A06F900107D58 /* Frameworks */ = {
			isa = PBXFrameworksBuildPhase;
			buildActionMask = 2147483647;
			files = (
			);
			runOnlyForDeploymentPostprocessing = 0;
		};
		AA20920B282A06FA00107D58 /* Frameworks */ = {
			isa = PBXFrameworksBuildPhase;
			buildActionMask = 2147483647;
			files = (
			);
			runOnlyForDeploymentPostprocessing = 0;
		};
		AA209215282A06FA00107D58 /* Frameworks */ = {
			isa = PBXFrameworksBuildPhase;
			buildActionMask = 2147483647;
			files = (
			);
			runOnlyForDeploymentPostprocessing = 0;
		};
/* End PBXFrameworksBuildPhase section */

/* Begin PBXGroup section */
		AA2091EF282A06F900107D58 = {
			isa = PBXGroup;
			children = (
				AA2091FA282A06F900107D58 /* SpotifyClone */,
				AA2091F9282A06F900107D58 /* Products */,
			);
			sourceTree = "<group>";
		};
		AA2091F9282A06F900107D58 /* Products */ = {
			isa = PBXGroup;
			children = (
				AA2091F8282A06F900107D58 /* SpotifyClone.app */,
				AA20920E282A06FA00107D58 /* SpotifyCloneTests.xctest */,
				AA209218282A06FA00107D58 /* SpotifyCloneUITests.xctest */,
			);
			name = Products;
			sourceTree = "<group>";
		};
		AA2091FA282A06F900107D58 /* SpotifyClone */ = {
			isa = PBXGroup;
			children = (
				AA209231282A097C00107D58 /* Onboarding */,
				AA209230282A095600107D58 /* Helper */,
				AA20922F282A094C00107D58 /* Screens */,
				AA20922D282A093800107D58 /* Model */,
				AA20922C282A092F00107D58 /* ViewModel */,
				AA20922B282A092400107D58 /* View */,
				AA2091FB282A06F900107D58 /* AppDelegate.swift */,
				AA2091FD282A06F900107D58 /* SceneDelegate.swift */,
				AA209204282A06FA00107D58 /* Assets.xcassets */,
				AA209209282A06FA00107D58 /* Info.plist */,
			);
			path = SpotifyClone;
			sourceTree = "<group>";
		};
		AA20922B282A092400107D58 /* View */ = {
			isa = PBXGroup;
			children = (
				AA2091FF282A06F900107D58 /* ViewController.swift */,
				AA209242282ADD6900107D58 /* LibraryViewController.swift */,
			);
			path = View;
			sourceTree = "<group>";
		};
		AA20922C282A092F00107D58 /* ViewModel */ = {
			isa = PBXGroup;
			children = (
				AA209234282A2BE400107D58 /* Request.swift */,
				AA20923A282A32B100107D58 /* PlayListViewModel.swift */,
			);
			path = ViewModel;
			sourceTree = "<group>";
		};
		AA20922D282A093800107D58 /* Model */ = {
			isa = PBXGroup;
			children = (
				AA209238282A30C100107D58 /* Playlist.swift */,
			);
			path = Model;
			sourceTree = "<group>";
		};
		AA20922F282A094C00107D58 /* Screens */ = {
			isa = PBXGroup;
			children = (
				AA209201282A06F900107D58 /* Main.storyboard */,
				AA209232282A247000107D58 /* Home.storyboard */,
			);
			path = Screens;
			sourceTree = "<group>";
		};
		AA209230282A095600107D58 /* Helper */ = {
			isa = PBXGroup;
			children = (
				AA209236282A2CCD00107D58 /* Spotify+String.swift */,
				AA209240282ADB7800107D58 /* Spotify+Image.swift */,
			);
			path = Helper;
			sourceTree = "<group>";
		};
		AA209231282A097C00107D58 /* Onboarding */ = {
			isa = PBXGroup;
			children = (
				AA209206282A06FA00107D58 /* LaunchScreen.storyboard */,
			);
			path = Onboarding;
			sourceTree = "<group>";
		};
/* End PBXGroup section */

/* Begin PBXNativeTarget section */
		AA2091F7282A06F900107D58 /* SpotifyClone */ = {
			isa = PBXNativeTarget;
			buildConfigurationList = AA209222282A06FA00107D58 /* Build configuration list for PBXNativeTarget "SpotifyClone" */;
			buildPhases = (
				AA2091F4282A06F900107D58 /* Sources */,
				AA2091F5282A06F900107D58 /* Frameworks */,
				AA2091F6282A06F900107D58 /* Resources */,
			);
			buildRules = (
			);
			dependencies = (
			);
			name = SpotifyClone;
			productName = SpotifyClone;
			productReference = AA2091F8282A06F900107D58 /* SpotifyClone.app */;
			productType = "com.apple.product-type.application";
		};
		AA20920D282A06FA00107D58 /* SpotifyCloneTests */ = {
			isa = PBXNativeTarget;
			buildConfigurationList = AA209225282A06FA00107D58 /* Build configuration list for PBXNativeTarget "SpotifyCloneTests" */;
			buildPhases = (
				AA20920A282A06FA00107D58 /* Sources */,
				AA20920B282A06FA00107D58 /* Frameworks */,
				AA20920C282A06FA00107D58 /* Resources */,
			);
			buildRules = (
			);
			dependencies = (
				AA209210282A06FA00107D58 /* PBXTargetDependency */,
			);
			name = SpotifyCloneTests;
			productName = SpotifyCloneTests;
			productReference = AA20920E282A06FA00107D58 /* SpotifyCloneTests.xctest */;
			productType = "com.apple.product-type.bundle.unit-test";
		};
		AA209217282A06FA00107D58 /* SpotifyCloneUITests */ = {
			isa = PBXNativeTarget;
			buildConfigurationList = AA209228282A06FA00107D58 /* Build configuration list for PBXNativeTarget "SpotifyCloneUITests" */;
			buildPhases = (
				AA209214282A06FA00107D58 /* Sources */,
				AA209215282A06FA00107D58 /* Frameworks */,
				AA209216282A06FA00107D58 /* Resources */,
			);
			buildRules = (
			);
			dependencies = (
				AA20921A282A06FA00107D58 /* PBXTargetDependency */,
			);
			name = SpotifyCloneUITests;
			productName = SpotifyCloneUITests;
			productReference = AA209218282A06FA00107D58 /* SpotifyCloneUITests.xctest */;
			productType = "com.apple.product-type.bundle.ui-testing";
		};
/* End PBXNativeTarget section */

/* Begin PBXProject section */
		AA2091F0282A06F900107D58 /* Project object */ = {
			isa = PBXProject;
			attributes = {
				BuildIndependentTargetsInParallel = 1;
				LastSwiftUpdateCheck = 1330;
				LastUpgradeCheck = 1330;
				TargetAttributes = {
					AA2091F7282A06F900107D58 = {
						CreatedOnToolsVersion = 13.3.1;
					};
					AA20920D282A06FA00107D58 = {
						CreatedOnToolsVersion = 13.3.1;
						TestTargetID = AA2091F7282A06F900107D58;
					};
					AA209217282A06FA00107D58 = {
						CreatedOnToolsVersion = 13.3.1;
						TestTargetID = AA2091F7282A06F900107D58;
					};
				};
			};
			buildConfigurationList = AA2091F3282A06F900107D58 /* Build configuration list for PBXProject "SpotifyClone" */;
			compatibilityVersion = "Xcode 13.0";
			developmentRegion = en;
			hasScannedForEncodings = 0;
			knownRegions = (
				en,
				Base,
			);
			mainGroup = AA2091EF282A06F900107D58;
			productRefGroup = AA2091F9282A06F900107D58 /* Products */;
			projectDirPath = "";
			projectRoot = "";
			targets = (
				AA2091F7282A06F900107D58 /* SpotifyClone */,
				AA20920D282A06FA00107D58 /* SpotifyCloneTests */,
				AA209217282A06FA00107D58 /* SpotifyCloneUITests */,
			);
		};
/* End PBXProject section */

/* Begin PBXResourcesBuildPhase section */
		AA2091F6282A06F900107D58 /* Resources */ = {
			isa = PBXResourcesBuildPhase;
			buildActionMask = 2147483647;
			files = (
				AA209208282A06FA00107D58 /* LaunchScreen.storyboard in Resources */,
				AA209205282A06FA00107D58 /* Assets.xcassets in Resources */,
				AA209203282A06F900107D58 /* Main.storyboard in Resources */,
				AA209233282A247000107D58 /* Home.storyboard in Resources */,
			);
			runOnlyForDeploymentPostprocessing = 0;
		};
		AA20920C282A06FA00107D58 /* Resources */ = {
			isa = PBXResourcesBuildPhase;
			buildActionMask = 2147483647;
			files = (
			);
			runOnlyForDeploymentPostprocessing = 0;
		};
		AA209216282A06FA00107D58 /* Resources */ = {
			isa = PBXResourcesBuildPhase;
			buildActionMask = 2147483647;
			files = (
			);
			runOnlyForDeploymentPostprocessing = 0;
		};
/* End PBXResourcesBuildPhase section */

/* Begin PBXSourcesBuildPhase section */
		AA2091F4282A06F900107D58 /* Sources */ = {
			isa = PBXSourcesBuildPhase;
			buildActionMask = 2147483647;
			files = (
				AA20923B282A32B100107D58 /* PlayListViewModel.swift in Sources */,
				AA209200282A06F900107D58 /* ViewController.swift in Sources */,
				AA209241282ADB7800107D58 /* Spotify+Image.swift in Sources */,
				AA209237282A2CCD00107D58 /* Spotify+String.swift in Sources */,
				AA209235282A2BE400107D58 /* Request.swift in Sources */,
				AA2091FC282A06F900107D58 /* AppDelegate.swift in Sources */,
				AA2091FE282A06F900107D58 /* SceneDelegate.swift in Sources */,
				AA209243282ADD6900107D58 /* LibraryViewController.swift in Sources */,
				AA209239282A30C100107D58 /* Playlist.swift in Sources */,
			);
			runOnlyForDeploymentPostprocessing = 0;
		};
		AA20920A282A06FA00107D58 /* Sources */ = {
			isa = PBXSourcesBuildPhase;
			buildActionMask = 2147483647;
			files = (
			);
			runOnlyForDeploymentPostprocessing = 0;
		};
		AA209214282A06FA00107D58 /* Sources */ = {
			isa = PBXSourcesBuildPhase;
			buildActionMask = 2147483647;
			files = (
			);
			runOnlyForDeploymentPostprocessing = 0;
		};
/* End PBXSourcesBuildPhase section */

/* Begin PBXTargetDependency section */
		AA209210282A06FA00107D58 /* PBXTargetDependency */ = {
			isa = PBXTargetDependency;
			target = AA2091F7282A06F900107D58 /* SpotifyClone */;
			targetProxy = AA20920F282A06FA00107D58 /* PBXContainerItemProxy */;
		};
		AA20921A282A06FA00107D58 /* PBXTargetDependency */ = {
			isa = PBXTargetDependency;
			target = AA2091F7282A06F900107D58 /* SpotifyClone */;
			targetProxy = AA209219282A06FA00107D58 /* PBXContainerItemProxy */;
		};
/* End PBXTargetDependency section */

/* Begin PBXVariantGroup section */
		AA209201282A06F900107D58 /* Main.storyboard */ = {
			isa = PBXVariantGroup;
			children = (
				AA209202282A06F900107D58 /* Base */,
			);
			name = Main.storyboard;
			sourceTree = "<group>";
		};
		AA209206282A06FA00107D58 /* LaunchScreen.storyboard */ = {
			isa = PBXVariantGroup;
			children = (
				AA209207282A06FA00107D58 /* Base */,
			);
			name = LaunchScreen.storyboard;
			sourceTree = "<group>";
		};
/* End PBXVariantGroup section */

/* Begin XCBuildConfiguration section */
		AA209220282A06FA00107D58 /* Debug */ = {
			isa = XCBuildConfiguration;
			buildSettings = {
				ALWAYS_SEARCH_USER_PATHS = NO;
				CLANG_ANALYZER_NONNULL = YES;
				CLANG_ANALYZER_NUMBER_OBJECT_CONVERSION = YES_AGGRESSIVE;
				CLANG_CXX_LANGUAGE_STANDARD = "gnu++17";
				CLANG_ENABLE_MODULES = YES;
				CLANG_ENABLE_OBJC_ARC = YES;
				CLANG_ENABLE_OBJC_WEAK = YES;
				CLANG_WARN_BLOCK_CAPTURE_AUTORELEASING = YES;
				CLANG_WARN_BOOL_CONVERSION = YES;
				CLANG_WARN_COMMA = YES;
				CLANG_WARN_CONSTANT_CONVERSION = YES;
				CLANG_WARN_DEPRECATED_OBJC_IMPLEMENTATIONS = YES;
				CLANG_WARN_DIRECT_OBJC_ISA_USAGE = YES_ERROR;
				CLANG_WARN_DOCUMENTATION_COMMENTS = YES;
				CLANG_WARN_EMPTY_BODY = YES;
				CLANG_WARN_ENUM_CONVERSION = YES;
				CLANG_WARN_INFINITE_RECURSION = YES;
				CLANG_WARN_INT_CONVERSION = YES;
				CLANG_WARN_NON_LITERAL_NULL_CONVERSION = YES;
				CLANG_WARN_OBJC_IMPLICIT_RETAIN_SELF = YES;
				CLANG_WARN_OBJC_LITERAL_CONVERSION = YES;
				CLANG_WARN_OBJC_ROOT_CLASS = YES_ERROR;
				CLANG_WARN_QUOTED_INCLUDE_IN_FRAMEWORK_HEADER = YES;
				CLANG_WARN_RANGE_LOOP_ANALYSIS = YES;
				CLANG_WARN_STRICT_PROTOTYPES = YES;
				CLANG_WARN_SUSPICIOUS_MOVE = YES;
				CLANG_WARN_UNGUARDED_AVAILABILITY = YES_AGGRESSIVE;
				CLANG_WARN_UNREACHABLE_CODE = YES;
				CLANG_WARN__DUPLICATE_METHOD_MATCH = YES;
				COPY_PHASE_STRIP = NO;
				DEBUG_INFORMATION_FORMAT = dwarf;
				ENABLE_STRICT_OBJC_MSGSEND = YES;
				ENABLE_TESTABILITY = YES;
				GCC_C_LANGUAGE_STANDARD = gnu11;
				GCC_DYNAMIC_NO_PIC = NO;
				GCC_NO_COMMON_BLOCKS = YES;
				GCC_OPTIMIZATION_LEVEL = 0;
				GCC_PREPROCESSOR_DEFINITIONS = (
					"DEBUG=1",
					"$(inherited)",
				);
				GCC_WARN_64_TO_32_BIT_CONVERSION = YES;
				GCC_WARN_ABOUT_RETURN_TYPE = YES_ERROR;
				GCC_WARN_UNDECLARED_SELECTOR = YES;
				GCC_WARN_UNINITIALIZED_AUTOS = YES_AGGRESSIVE;
				GCC_WARN_UNUSED_FUNCTION = YES;
				GCC_WARN_UNUSED_VARIABLE = YES;
				IPHONEOS_DEPLOYMENT_TARGET = 15.4;
				MTL_ENABLE_DEBUG_INFO = INCLUDE_SOURCE;
				MTL_FAST_MATH = YES;
				ONLY_ACTIVE_ARCH = YES;
				SDKROOT = iphoneos;
				SWIFT_ACTIVE_COMPILATION_CONDITIONS = DEBUG;
				SWIFT_OPTIMIZATION_LEVEL = "-Onone";
			};
			name = Debug;
		};
		AA209221282A06FA00107D58 /* Release */ = {
			isa = XCBuildConfiguration;
			buildSettings = {
				ALWAYS_SEARCH_USER_PATHS = NO;
				CLANG_ANALYZER_NONNULL = YES;
				CLANG_ANALYZER_NUMBER_OBJECT_CONVERSION = YES_AGGRESSIVE;
				CLANG_CXX_LANGUAGE_STANDARD = "gnu++17";
				CLANG_ENABLE_MODULES = YES;
				CLANG_ENABLE_OBJC_ARC = YES;
				CLANG_ENABLE_OBJC_WEAK = YES;
				CLANG_WARN_BLOCK_CAPTURE_AUTORELEASING = YES;
				CLANG_WARN_BOOL_CONVERSION = YES;
				CLANG_WARN_COMMA = YES;
				CLANG_WARN_CONSTANT_CONVERSION = YES;
				CLANG_WARN_DEPRECATED_OBJC_IMPLEMENTATIONS = YES;
				CLANG_WARN_DIRECT_OBJC_ISA_USAGE = YES_ERROR;
				CLANG_WARN_DOCUMENTATION_COMMENTS = YES;
				CLANG_WARN_EMPTY_BODY = YES;
				CLANG_WARN_ENUM_CONVERSION = YES;
				CLANG_WARN_INFINITE_RECURSION = YES;
				CLANG_WARN_INT_CONVERSION = YES;
				CLANG_WARN_NON_LITERAL_NULL_CONVERSION = YES;
				CLANG_WARN_OBJC_IMPLICIT_RETAIN_SELF = YES;
				CLANG_WARN_OBJC_LITERAL_CONVERSION = YES;
				CLANG_WARN_OBJC_ROOT_CLASS = YES_ERROR;
				CLANG_WARN_QUOTED_INCLUDE_IN_FRAMEWORK_HEADER = YES;
				CLANG_WARN_RANGE_LOOP_ANALYSIS = YES;
				CLANG_WARN_STRICT_PROTOTYPES = YES;
				CLANG_WARN_SUSPICIOUS_MOVE = YES;
				CLANG_WARN_UNGUARDED_AVAILABILITY = YES_AGGRESSIVE;
				CLANG_WARN_UNREACHABLE_CODE = YES;
				CLANG_WARN__DUPLICATE_METHOD_MATCH = YES;
				COPY_PHASE_STRIP = NO;
				DEBUG_INFORMATION_FORMAT = "dwarf-with-dsym";
				ENABLE_NS_ASSERTIONS = NO;
				ENABLE_STRICT_OBJC_MSGSEND = YES;
				GCC_C_LANGUAGE_STANDARD = gnu11;
				GCC_NO_COMMON_BLOCKS = YES;
				GCC_WARN_64_TO_32_BIT_CONVERSION = YES;
				GCC_WARN_ABOUT_RETURN_TYPE = YES_ERROR;
				GCC_WARN_UNDECLARED_SELECTOR = YES;
				GCC_WARN_UNINITIALIZED_AUTOS = YES_AGGRESSIVE;
				GCC_WARN_UNUSED_FUNCTION = YES;
				GCC_WARN_UNUSED_VARIABLE = YES;
				IPHONEOS_DEPLOYMENT_TARGET = 15.4;
				MTL_ENABLE_DEBUG_INFO = NO;
				MTL_FAST_MATH = YES;
				SDKROOT = iphoneos;
				SWIFT_COMPILATION_MODE = wholemodule;
				SWIFT_OPTIMIZATION_LEVEL = "-O";
				VALIDATE_PRODUCT = YES;
			};
			name = Release;
		};
		AA209223282A06FA00107D58 /* Debug */ = {
			isa = XCBuildConfiguration;
			buildSettings = {
				ASSETCATALOG_COMPILER_APPICON_NAME = AppIcon;
				ASSETCATALOG_COMPILER_GLOBAL_ACCENT_COLOR_NAME = AccentColor;
				CODE_SIGN_STYLE = Automatic;
				CURRENT_PROJECT_VERSION = 1;
				GENERATE_INFOPLIST_FILE = YES;
				INFOPLIST_FILE = SpotifyClone/Info.plist;
				INFOPLIST_KEY_UIApplicationSupportsIndirectInputEvents = YES;
				INFOPLIST_KEY_UILaunchStoryboardName = LaunchScreen;
				INFOPLIST_KEY_UIMainStoryboardFile = Main;
				INFOPLIST_KEY_UISupportedInterfaceOrientations_iPad = "UIInterfaceOrientationPortrait UIInterfaceOrientationPortraitUpsideDown UIInterfaceOrientationLandscapeLeft UIInterfaceOrientationLandscapeRight";
				INFOPLIST_KEY_UISupportedInterfaceOrientations_iPhone = "UIInterfaceOrientationPortrait UIInterfaceOrientationLandscapeLeft UIInterfaceOrientationLandscapeRight";
				LD_RUNPATH_SEARCH_PATHS = (
					"$(inherited)",
					"@executable_path/Frameworks",
				);
				MARKETING_VERSION = 1.0;
				PRODUCT_BUNDLE_IDENTIFIER = com.tecsup.SpotifyClone;
				PRODUCT_NAME = "$(TARGET_NAME)";
				SWIFT_EMIT_LOC_STRINGS = YES;
				SWIFT_VERSION = 5.0;
				TARGETED_DEVICE_FAMILY = "1,2";
			};
			name = Debug;
		};
		AA209224282A06FA00107D58 /* Release */ = {
			isa = XCBuildConfiguration;
			buildSettings = {
				ASSETCATALOG_COMPILER_APPICON_NAME = AppIcon;
				ASSETCATALOG_COMPILER_GLOBAL_ACCENT_COLOR_NAME = AccentColor;
				CODE_SIGN_STYLE = Automatic;
				CURRENT_PROJECT_VERSION = 1;
				GENERATE_INFOPLIST_FILE = YES;
				INFOPLIST_FILE = SpotifyClone/Info.plist;
				INFOPLIST_KEY_UIApplicationSupportsIndirectInputEvents = YES;
				INFOPLIST_KEY_UILaunchStoryboardName = LaunchScreen;
				INFOPLIST_KEY_UIMainStoryboardFile = Main;
				INFOPLIST_KEY_UISupportedInterfaceOrientations_iPad = "UIInterfaceOrientationPortrait UIInterfaceOrientationPortraitUpsideDown UIInterfaceOrientationLandscapeLeft UIInterfaceOrientationLandscapeRight";
				INFOPLIST_KEY_UISupportedInterfaceOrientations_iPhone = "UIInterfaceOrientationPortrait UIInterfaceOrientationLandscapeLeft UIInterfaceOrientationLandscapeRight";
				LD_RUNPATH_SEARCH_PATHS = (
					"$(inherited)",
					"@executable_path/Frameworks",
				);
				MARKETING_VERSION = 1.0;
				PRODUCT_BUNDLE_IDENTIFIER = com.tecsup.SpotifyClone;
				PRODUCT_NAME = "$(TARGET_NAME)";
				SWIFT_EMIT_LOC_STRINGS = YES;
				SWIFT_VERSION = 5.0;
				TARGETED_DEVICE_FAMILY = "1,2";
			};
			name = Release;
		};
		AA209226282A06FA00107D58 /* Debug */ = {
			isa = XCBuildConfiguration;
			buildSettings = {
				ALWAYS_EMBED_SWIFT_STANDARD_LIBRARIES = YES;
				BUNDLE_LOADER = "$(TEST_HOST)";
				CODE_SIGN_STYLE = Automatic;
				CURRENT_PROJECT_VERSION = 1;
				GENERATE_INFOPLIST_FILE = YES;
				IPHONEOS_DEPLOYMENT_TARGET = 15.4;
				MARKETING_VERSION = 1.0;
				PRODUCT_BUNDLE_IDENTIFIER = com.tecsup.SpotifyCloneTests;
				PRODUCT_NAME = "$(TARGET_NAME)";
				SWIFT_EMIT_LOC_STRINGS = NO;
				SWIFT_VERSION = 5.0;
				TARGETED_DEVICE_FAMILY = "1,2";
				TEST_HOST = "$(BUILT_PRODUCTS_DIR)/SpotifyClone.app/SpotifyClone";
			};
			name = Debug;
		};
		AA209227282A06FA00107D58 /* Release */ = {
			isa = XCBuildConfiguration;
			buildSettings = {
				ALWAYS_EMBED_SWIFT_STANDARD_LIBRARIES = YES;
				BUNDLE_LOADER = "$(TEST_HOST)";
				CODE_SIGN_STYLE = Automatic;
				CURRENT_PROJECT_VERSION = 1;
				GENERATE_INFOPLIST_FILE = YES;
				IPHONEOS_DEPLOYMENT_TARGET = 15.4;
				MARKETING_VERSION = 1.0;
				PRODUCT_BUNDLE_IDENTIFIER = com.tecsup.SpotifyCloneTests;
				PRODUCT_NAME = "$(TARGET_NAME)";
				SWIFT_EMIT_LOC_STRINGS = NO;
				SWIFT_VERSION = 5.0;
				TARGETED_DEVICE_FAMILY = "1,2";
				TEST_HOST = "$(BUILT_PRODUCTS_DIR)/SpotifyClone.app/SpotifyClone";
			};
			name = Release;
		};
		AA209229282A06FA00107D58 /* Debug */ = {
			isa = XCBuildConfiguration;
			buildSettings = {
				ALWAYS_EMBED_SWIFT_STANDARD_LIBRARIES = YES;
				CODE_SIGN_STYLE = Automatic;
				CURRENT_PROJECT_VERSION = 1;
				GENERATE_INFOPLIST_FILE = YES;
				MARKETING_VERSION = 1.0;
				PRODUCT_BUNDLE_IDENTIFIER = com.tecsup.SpotifyCloneUITests;
				PRODUCT_NAME = "$(TARGET_NAME)";
				SWIFT_EMIT_LOC_STRINGS = NO;
				SWIFT_VERSION = 5.0;
				TARGETED_DEVICE_FAMILY = "1,2";
				TEST_TARGET_NAME = SpotifyClone;
			};
			name = Debug;
		};
		AA20922A282A06FA00107D58 /* Release */ = {
			isa = XCBuildConfiguration;
			buildSettings = {
				ALWAYS_EMBED_SWIFT_STANDARD_LIBRARIES = YES;
				CODE_SIGN_STYLE = Automatic;
				CURRENT_PROJECT_VERSION = 1;
				GENERATE_INFOPLIST_FILE = YES;
				MARKETING_VERSION = 1.0;
				PRODUCT_BUNDLE_IDENTIFIER = com.tecsup.SpotifyCloneUITests;
				PRODUCT_NAME = "$(TARGET_NAME)";
				SWIFT_EMIT_LOC_STRINGS = NO;
				SWIFT_VERSION = 5.0;
				TARGETED_DEVICE_FAMILY = "1,2";
				TEST_TARGET_NAME = SpotifyClone;
			};
			name = Release;
		};
/* End XCBuildConfiguration section */

/* Begin XCConfigurationList section */
		AA2091F3282A06F900107D58 /* Build configuration list for PBXProject "SpotifyClone" */ = {
			isa = XCConfigurationList;
			buildConfigurations = (
				AA209220282A06FA00107D58 /* Debug */,
				AA209221282A06FA00107D58 /* Release */,
			);
			defaultConfigurationIsVisible = 0;
			defaultConfigurationName = Release;
		};
		AA209222282A06FA00107D58 /* Build configuration list for PBXNativeTarget "SpotifyClone" */ = {
			isa = XCConfigurationList;
			buildConfigurations = (
				AA209223282A06FA00107D58 /* Debug */,
				AA209224282A06FA00107D58 /* Release */,
			);
			defaultConfigurationIsVisible = 0;
			defaultConfigurationName = Release;
		};
		AA209225282A06FA00107D58 /* Build configuration list for PBXNativeTarget "SpotifyCloneTests" */ = {
			isa = XCConfigurationList;
			buildConfigurations = (
				AA209226282A06FA00107D58 /* Debug */,
				AA209227282A06FA00107D58 /* Release */,
			);
			defaultConfigurationIsVisible = 0;
			defaultConfigurationName = Release;
		};
		AA209228282A06FA00107D58 /* Build configuration list for PBXNativeTarget "SpotifyCloneUITests" */ = {
			isa = XCConfigurationList;
			buildConfigurations = (
				AA209229282A06FA00107D58 /* Debug */,
				AA20922A282A06FA00107D58 /* Release */,
			);
			defaultConfigurationIsVisible = 0;
			defaultConfigurationName = Release;
		};
/* End XCConfigurationList section */
	};
	rootObject = AA2091F0282A06F900107D58 /* Project object */;
}
